
Microsoft Visual Studio Solution File, Format Version 12.00
# Visual Studio Version 17
VisualStudioVersion = 17.1.32328.378
MinimumVisualStudioVersion = 10.0.40219.1
Project("{FAE04EC0-301F-11D3-BF4B-00C04F79EFBC}") = "MoodAnalyzer", "MoodAnalyzer\MoodAnalyzer.csproj", "{BBAA2E42-18BA-4233-B132-5997D7A6DB88}"
EndProject
Project("{FAE04EC0-301F-11D3-BF4B-00C04F79EFBC}") = "MoodAnalyzerTest", "MoodAnalyzerTest\MoodAnalyzerTest.csproj", "{8C5084B6-1B19-48D1-9729-C8F11D25B133}"
EndProject
Global
	GlobalSection(SolutionConfigurationPlatforms) = preSolution
		Debug|Any CPU = Debug|Any CPU
		Release|Any CPU = Release|Any CPU
	EndGlobalSection
	GlobalSection(ProjectConfigurationPlatforms) = postSolution
		{BBAA2E42-18BA-4233-B132-5997D7A6DB88}.Debug|Any CPU.ActiveCfg = Debug|Any CPU
		{BBAA2E42-18BA-4233-B132-5997D7A6DB88}.Debug|Any CPU.Build.0 = Debug|Any CPU
		{BBAA2E42-18BA-4233-B132-5997D7A6DB88}.Release|Any CPU.ActiveCfg = Release|Any CPU
		{BBAA2E42-18BA-4233-B132-5997D7A6DB88}.Release|Any CPU.Build.0 = Release|Any CPU
		{8C5084B6-1B19-48D1-9729-C8F11D25B133}.Debug|Any CPU.ActiveCfg = Debug|Any CPU
		{8C5084B6-1B19-48D1-9729-C8F11D25B133}.Debug|Any CPU.Build.0 = Debug|Any CPU
		{8C5084B6-1B19-48D1-9729-C8F11D25B133}.Release|Any CPU.ActiveCfg = Release|Any CPU
		{8C5084B6-1B19-48D1-9729-C8F11D25B133}.Release|Any CPU.Build.0 = Release|Any CPU
	EndGlobalSection
	GlobalSection(SolutionProperties) = preSolution
		HideSolutionNode = FALSE
	EndGlobalSection
	GlobalSection(ExtensibilityGlobals) = postSolution
		SolutionGuid = {753074D9-8325-46C9-894A-AD613E707BBB}
	EndGlobalSection
EndGlobal
